github.com/gethinode/mod-utils/v2 v2.8.1 h1:u7sFbgJ5sBEMYC/GwcMRyjRAd5NxTjBnbld5b0V5n98=
github.com/gethinode/mod-utils/v2 v2.8.1/go.mod h1:GTYeknoLujNjfDxI+V9Dcug26CYJSTJ0B/U2dagw9oY=
github.com/gethinode/mod-utils/v2 v2.8.2 h1:rKndAMmRBSO5Cgoa/2CvF5XchDSvLvd4TYAbfbbQVhE=
github.com/gethinode/mod-utils/v2 v2.8.2/go.mod h1:GTYeknoLujNjfDxI+V9Dcug26CYJSTJ0B/U2dagw9oY=
github.com/gethinode/mod-utils/v2 v2.8.3 h1:t1MJcIdFhYi0gCkm8f0DYZwyfq7pRdRc0eNpqZa11ic=
github.com/gethinode/mod-utils/v2 v2.8.3/go.mod h1:GTYeknoLujNjfDxI+V9Dcug26CYJSTJ0B/U2dagw9oY=
github.com/gethinode/mod-utils/v2 v2.8.4 h1:ZBkIxFezFz2IrbTt0Y3Nq5ac7klU5N8TY19Qnj5px4M=
github.com/gethinode/mod-utils/v2 v2.8.4/go.mod h1:GTYeknoLujNjfDxI+V9Dcug26CYJSTJ0B/U2dagw9oY=
github.com/gethinode/mod-utils/v2 v2.8.5 h1:e71ncO2NYpum7JTdNTwb0lw8aDe8Zc64Ehjavy8x9xM=
github.com/gethinode/mod-utils/v2 v2.8.5/go.mod h1:GTYeknoLujNjfDxI+V9Dcug26CYJSTJ0B/U2dagw9oY=
github.com/gethinode/mod-utils/v2 v2.8.6 h1:gtTtL37YPq1n/POIzbj40aYOg1VaZq8IjqwSf2V5yo0=
github.com/gethinode/mod-utils/v2 v2.8.6/go.mod h1:GTYeknoLujNjfDxI+V9Dcug26CYJSTJ0B/U2dagw9oY=
github.com/gethinode/mod-utils/v2 v2.9.0 h1:IGaYO+DNo7CcplyAUJASP1sf10/EqiG8sVVM1Q4SJKc=
github.com/gethinode/mod-utils/v2 v2.9.0/go.mod h1:GTYeknoLujNjfDxI+V9Dcug26CYJSTJ0B/U2dagw9oY=
github.com/gethinode/mod-utils/v2 v2.10.0 h1:2GN6f3wcu/TlbzPD6DFlWyx+KomXz6LnBv7mfPIXB6o=
github.com/gethinode/mod-utils/v2 v2.10.0/go.mod h1:GTYeknoLujNjfDxI+V9Dcug26CYJSTJ0B/U2dagw9oY=
github.com/gethinode/mod-utils/v4 v4.4.0 h1:IhhJDLqXCdYvrjM6kUR10wlg0kyZrY94f7EuGMj8NN0=
github.com/gethinode/mod-utils/v4 v4.4.0/go.mod h1:bYmvRdAo4ICy5MpSGafDvO4p5bTDpsDKFCPL3bH0mN4=
github.com/gethinode/mod-utils/v4 v4.5.0 h1:p6sDsMNA/KE2IK3SPdWjFX3cPAwPP5gDxzJu2tIWYl4=
github.com/gethinode/mod-utils/v4 v4.5.0/go.mod h1:bYmvRdAo4ICy5MpSGafDvO4p5bTDpsDKFCPL3bH0mN4=
github.com/gethinode/mod-utils/v4 v4.5.1 h1:VKmqi6+oC93noHUJ6HvFlelglHT/9+kXQjpJs7VtWko=
github.com/gethinode/mod-utils/v4 v4.5.1/go.mod h1:bYmvRdAo4ICy5MpSGafDvO4p5bTDpsDKFCPL3bH0mN4=
github.com/gethinode/mod-utils/v4 v4.6.0 h1:XQ7hiCrn15SzgkcD0j53XVZPQYeQKUxg/UUkr80pJ2w=
github.com/gethinode/mod-utils/v4 v4.6.0/go.mod h1:bYmvRdAo4ICy5MpSGafDvO4p5bTDpsDKFCPL3bH0mN4=
github.com/gethinode/mod-utils/v4 v4.8.0 h1:/+M3EHqA8IzgBWXX1GLmT/xKbk2FVhUwmUfMnk/goF4=
github.com/gethinode/mod-utils/v4 v4.8.0/go.mod h1:bYmvRdAo4ICy5MpSGafDvO4p5bTDpsDKFCPL3bH0mN4=
github.com/gethinode/mod-utils/v4 v4.8.2 h1:mhPmqdeCar2sOdVwKIyJl5la0RVBPtw4d29ncRKN3ek=
github.com/gethinode/mod-utils/v4 v4.8.2/go.mod h1:bYmvRdAo4ICy5MpSGafDvO4p5bTDpsDKFCPL3bH0mN4=
github.com/gethinode/mod-utils/v4 v4.8.4 h1:ExD2zZCGonAmbIxC9wBU2dp+V4ZfvG46NWaz+LaV3iQ=
github.com/gethinode/mod-utils/v4 v4.8.4/go.mod h1:bYmvRdAo4ICy5MpSGafDvO4p5bTDpsDKFCPL3bH0mN4=
github.com/gethinode/mod-utils/v4 v4.9.2 h1:lzcihwAsm8R2k2v+tWu5nfWvXMA8uRKi0nGIzZCygZ8=
github.com/gethinode/mod-utils/v4 v4.9.2/go.mod h1:bYmvRdAo4ICy5MpSGafDvO4p5bTDpsDKFCPL3bH0mN4=
github.com/gethinode/mod-utils/v4 v4.10.0 h1:CfVa57r52wXd0bUqSJlpux2cloHQNBBe13aeqLJ8FXE=
github.com/gethinode/mod-utils/v4 v4.10.0/go.mod h1:bYmvRdAo4ICy5MpSGafDvO4p5bTDpsDKFCPL3bH0mN4=
github.com/gethinode/mod-utils/v4 v4.11.0 h1:24RObT99j/jiQnCyHvXahJHIA8e8uQuBb1pUIRJOxpA=
github.com/gethinode/mod-utils/v4 v4.11.0/go.mod h1:bYmvRdAo4ICy5MpSGafDvO4p5bTDpsDKFCPL3bH0mN4=
github.com/gethinode/mod-utils/v5 v5.0.0 h1:iF8FtgzQu9BW7R94sJ77gltSZO2QkAv60EMNvtTSpIA=
github.com/gethinode/mod-utils/v5 v5.0.0/go.mod h1:PwQN4oOjA6k/vet11JueJ9asZMgL0DBa3jyS9tPkBWU=
