github.com/gethinode/mod-hubspot v1.0.0 h1:JWpRhqMPubq6Lr11uS83mTq9FZ+H9w4b3b7gqpjp0zA=
github.com/gethinode/mod-hubspot v1.0.0/go.mod h1:RlPiKSP2pS6X5KM0eqv4N4X9DTZ0ndpX2IiHNcxZ9J0=
github.com/gethinode/mod-hubspot v1.1.2 h1:A7AuULG232gCkQpmBqXw6KqzwOddrw6pSGSHJIZeJRU=
github.com/gethinode/mod-hubspot v1.1.2/go.mod h1:RlPiKSP2pS6X5KM0eqv4N4X9DTZ0ndpX2IiHNcxZ9J0=
github.com/gethinode/mod-hubspot v1.1.3 h1:UoZ8R5a4lu6arCAauV5QITSvTHJ/Md6nemMBlHDKRro=
github.com/gethinode/mod-hubspot v1.1.3/go.mod h1:1HJuxgeL+F6rSfms0m1+bd4Gp56lpuCB1/6D5GdwPFQ=
github.com/gethinode/mod-hubspot v1.1.5 h1:sKM1HCCBW+DAJHhDIfx03KkktwEMwtYtfMRrvyqHBv0=
github.com/gethinode/mod-hubspot v1.1.5/go.mod h1:QVakF3h0ADwtk0EYAsuD7LYoN6Z6Vkyw5736FPJe0Qc=
github.com/gethinode/mod-hubspot v1.1.6 h1:eLrWynZQGMX4/j63l7e3mFu7JICtwzqxR/t42WD4TCg=
github.com/gethinode/mod-hubspot v1.1.6/go.mod h1:QVakF3h0ADwtk0EYAsuD7LYoN6Z6Vkyw5736FPJe0Qc=
github.com/gethinode/mod-utils/v2 v2.8.1 h1:u7sFbgJ5sBEMYC/GwcMRyjRAd5NxTjBnbld5b0V5n98=
github.com/gethinode/mod-utils/v2 v2.8.1/go.mod h1:GTYeknoLujNjfDxI+V9Dcug26CYJSTJ0B/U2dagw9oY=
github.com/gethinode/mod-utils/v2 v2.8.2 h1:rKndAMmRBSO5Cgoa/2CvF5XchDSvLvd4TYAbfbbQVhE=
github.com/gethinode/mod-utils/v2 v2.8.2/go.mod h1:GTYeknoLujNjfDxI+V9Dcug26CYJSTJ0B/U2dagw9oY=
github.com/gethinode/mod-utils/v2 v2.8.3 h1:t1MJcIdFhYi0gCkm8f0DYZwyfq7pRdRc0eNpqZa11ic=
github.com/gethinode/mod-utils/v2 v2.8.3/go.mod h1:GTYeknoLujNjfDxI+V9Dcug26CYJSTJ0B/U2dagw9oY=
github.com/gethinode/mod-utils/v2 v2.8.4 h1:ZBkIxFezFz2IrbTt0Y3Nq5ac7klU5N8TY19Qnj5px4M=
github.com/gethinode/mod-utils/v2 v2.8.4/go.mod h1:GTYeknoLujNjfDxI+V9Dcug26CYJSTJ0B/U2dagw9oY=
