github.com/gethinode/mod-hubspot v1.0.0 h1:JWpRhqMPubq6Lr11uS83mTq9FZ+H9w4b3b7gqpjp0zA=
github.com/gethinode/mod-hubspot v1.0.0/go.mod h1:RlPiKSP2pS6X5KM0eqv4N4X9DTZ0ndpX2IiHNcxZ9J0=
github.com/gethinode/mod-hubspot v1.1.2 h1:A7AuULG232gCkQpmBqXw6KqzwOddrw6pSGSHJIZeJRU=
github.com/gethinode/mod-hubspot v1.1.2/go.mod h1:RlPiKSP2pS6X5KM0eqv4N4X9DTZ0ndpX2IiHNcxZ9J0=
github.com/gethinode/mod-hubspot v1.1.3 h1:UoZ8R5a4lu6arCAauV5QITSvTHJ/Md6nemMBlHDKRro=
github.com/gethinode/mod-hubspot v1.1.3/go.mod h1:1HJuxgeL+F6rSfms0m1+bd4Gp56lpuCB1/6D5GdwPFQ=
github.com/gethinode/mod-hubspot v1.1.5 h1:sKM1HCCBW+DAJHhDIfx03KkktwEMwtYtfMRrvyqHBv0=
github.com/gethinode/mod-hubspot v1.1.5/go.mod h1:QVakF3h0ADwtk0EYAsuD7LYoN6Z6Vkyw5736FPJe0Qc=
github.com/gethinode/mod-hubspot v1.1.6 h1:eLrWynZQGMX4/j63l7e3mFu7JICtwzqxR/t42WD4TCg=
github.com/gethinode/mod-hubspot v1.1.6/go.mod h1:QVakF3h0ADwtk0EYAsuD7LYoN6Z6Vkyw5736FPJe0Qc=
github.com/gethinode/mod-hubspot v1.1.7 h1:8kjvs6td9U0D5MBP1uF6+ER1oQT2Dwy+3ipDHi3bkaI=
github.com/gethinode/mod-hubspot v1.1.7/go.mod h1:bdEfWSnZfVIcErMHo9X9iFpPo/GfkdlJ459JBDqQgKo=
github.com/gethinode/mod-hubspot v1.1.8 h1:JlHIrwMS+5FPPHI7togwd2V0AYQmrGyaac4Ybxs+tqs=
github.com/gethinode/mod-hubspot v1.1.8/go.mod h1:bdEfWSnZfVIcErMHo9X9iFpPo/GfkdlJ459JBDqQgKo=
github.com/gethinode/mod-hubspot/v2 v2.0.0 h1:WNPxyI0Rhu+Y2QClX8nSQnZrNNOC0cxoRKkLohCw3g8=
github.com/gethinode/mod-hubspot/v2 v2.0.0/go.mod h1:a4IZhVv3W2mRJzylL7ViCpcrZOn6LjIUNRlxnIUdt5I=
github.com/gethinode/mod-hubspot/v2 v2.0.1 h1:qtLlkqwQnxWDXYr0tXJRQ1KH0TahcuAXAJellNyvRro=
github.com/gethinode/mod-hubspot/v2 v2.0.1/go.mod h1:vJCtwvXTLRO7oW0VHNAcjFBsN8ClEfkPIBIs+KXkm8A=
github.com/gethinode/mod-utils/v2 v2.8.1 h1:u7sFbgJ5sBEMYC/GwcMRyjRAd5NxTjBnbld5b0V5n98=
github.com/gethinode/mod-utils/v2 v2.8.1/go.mod h1:GTYeknoLujNjfDxI+V9Dcug26CYJSTJ0B/U2dagw9oY=
github.com/gethinode/mod-utils/v2 v2.8.2 h1:rKndAMmRBSO5Cgoa/2CvF5XchDSvLvd4TYAbfbbQVhE=
github.com/gethinode/mod-utils/v2 v2.8.2/go.mod h1:GTYeknoLujNjfDxI+V9Dcug26CYJSTJ0B/U2dagw9oY=
github.com/gethinode/mod-utils/v2 v2.8.3 h1:t1MJcIdFhYi0gCkm8f0DYZwyfq7pRdRc0eNpqZa11ic=
github.com/gethinode/mod-utils/v2 v2.8.3/go.mod h1:GTYeknoLujNjfDxI+V9Dcug26CYJSTJ0B/U2dagw9oY=
github.com/gethinode/mod-utils/v2 v2.8.4 h1:ZBkIxFezFz2IrbTt0Y3Nq5ac7klU5N8TY19Qnj5px4M=
github.com/gethinode/mod-utils/v2 v2.8.4/go.mod h1:GTYeknoLujNjfDxI+V9Dcug26CYJSTJ0B/U2dagw9oY=
github.com/gethinode/mod-utils/v2 v2.8.5 h1:e71ncO2NYpum7JTdNTwb0lw8aDe8Zc64Ehjavy8x9xM=
github.com/gethinode/mod-utils/v2 v2.8.5/go.mod h1:GTYeknoLujNjfDxI+V9Dcug26CYJSTJ0B/U2dagw9oY=
github.com/gethinode/mod-utils/v2 v2.8.6 h1:gtTtL37YPq1n/POIzbj40aYOg1VaZq8IjqwSf2V5yo0=
github.com/gethinode/mod-utils/v2 v2.8.6/go.mod h1:GTYeknoLujNjfDxI+V9Dcug26CYJSTJ0B/U2dagw9oY=
github.com/gethinode/mod-utils/v2 v2.9.0 h1:IGaYO+DNo7CcplyAUJASP1sf10/EqiG8sVVM1Q4SJKc=
github.com/gethinode/mod-utils/v2 v2.9.0/go.mod h1:GTYeknoLujNjfDxI+V9Dcug26CYJSTJ0B/U2dagw9oY=
github.com/gethinode/mod-utils/v2 v2.10.0 h1:2GN6f3wcu/TlbzPD6DFlWyx+KomXz6LnBv7mfPIXB6o=
github.com/gethinode/mod-utils/v2 v2.10.0/go.mod h1:GTYeknoLujNjfDxI+V9Dcug26CYJSTJ0B/U2dagw9oY=
github.com/gethinode/mod-utils/v4 v4.4.0 h1:IhhJDLqXCdYvrjM6kUR10wlg0kyZrY94f7EuGMj8NN0=
github.com/gethinode/mod-utils/v4 v4.4.0/go.mod h1:bYmvRdAo4ICy5MpSGafDvO4p5bTDpsDKFCPL3bH0mN4=
github.com/gethinode/mod-utils/v4 v4.5.0/go.mod h1:bYmvRdAo4ICy5MpSGafDvO4p5bTDpsDKFCPL3bH0mN4=
github.com/gethinode/mod-utils/v4 v4.5.1 h1:VKmqi6+oC93noHUJ6HvFlelglHT/9+kXQjpJs7VtWko=
github.com/gethinode/mod-utils/v4 v4.5.1/go.mod h1:bYmvRdAo4ICy5MpSGafDvO4p5bTDpsDKFCPL3bH0mN4=
github.com/gethinode/mod-utils/v4 v4.6.0 h1:XQ7hiCrn15SzgkcD0j53XVZPQYeQKUxg/UUkr80pJ2w=
github.com/gethinode/mod-utils/v4 v4.6.0/go.mod h1:bYmvRdAo4ICy5MpSGafDvO4p5bTDpsDKFCPL3bH0mN4=
github.com/gethinode/mod-utils/v4 v4.8.0 h1:/+M3EHqA8IzgBWXX1GLmT/xKbk2FVhUwmUfMnk/goF4=
github.com/gethinode/mod-utils/v4 v4.8.0/go.mod h1:bYmvRdAo4ICy5MpSGafDvO4p5bTDpsDKFCPL3bH0mN4=
github.com/gethinode/mod-utils/v4 v4.8.2 h1:mhPmqdeCar2sOdVwKIyJl5la0RVBPtw4d29ncRKN3ek=
github.com/gethinode/mod-utils/v4 v4.8.2/go.mod h1:bYmvRdAo4ICy5MpSGafDvO4p5bTDpsDKFCPL3bH0mN4=
github.com/gethinode/mod-utils/v4 v4.8.4 h1:ExD2zZCGonAmbIxC9wBU2dp+V4ZfvG46NWaz+LaV3iQ=
github.com/gethinode/mod-utils/v4 v4.8.4/go.mod h1:bYmvRdAo4ICy5MpSGafDvO4p5bTDpsDKFCPL3bH0mN4=
github.com/gethinode/mod-utils/v4 v4.9.2 h1:lzcihwAsm8R2k2v+tWu5nfWvXMA8uRKi0nGIzZCygZ8=
github.com/gethinode/mod-utils/v4 v4.9.2/go.mod h1:bYmvRdAo4ICy5MpSGafDvO4p5bTDpsDKFCPL3bH0mN4=
github.com/gethinode/mod-utils/v4 v4.10.0 h1:CfVa57r52wXd0bUqSJlpux2cloHQNBBe13aeqLJ8FXE=
github.com/gethinode/mod-utils/v4 v4.10.0/go.mod h1:bYmvRdAo4ICy5MpSGafDvO4p5bTDpsDKFCPL3bH0mN4=
github.com/gethinode/mod-utils/v4 v4.11.0 h1:24RObT99j/jiQnCyHvXahJHIA8e8uQuBb1pUIRJOxpA=
github.com/gethinode/mod-utils/v4 v4.11.0/go.mod h1:bYmvRdAo4ICy5MpSGafDvO4p5bTDpsDKFCPL3bH0mN4=
github.com/gethinode/mod-utils/v4 v4.11.1 h1:12CzZjyLOb/FSXbX8mDAWqs8y4OCXOEavKww7T4V9jU=
github.com/gethinode/mod-utils/v4 v4.11.1/go.mod h1:bYmvRdAo4ICy5MpSGafDvO4p5bTDpsDKFCPL3bH0mN4=
github.com/gethinode/mod-utils/v4 v4.12.0 h1:5sSfYIxZCeQbXLoZdS//rl6thwLwtXuvM0ujaWKyPmc=
github.com/gethinode/mod-utils/v4 v4.12.0/go.mod h1:bYmvRdAo4ICy5MpSGafDvO4p5bTDpsDKFCPL3bH0mN4=
github.com/gethinode/mod-utils/v4 v4.13.0 h1:VKAA+wKy4saayXfgJuVBRfhNVWQWmxOjO8LSpQCvLfw=
github.com/gethinode/mod-utils/v4 v4.13.0/go.mod h1:bYmvRdAo4ICy5MpSGafDvO4p5bTDpsDKFCPL3bH0mN4=
github.com/gethinode/mod-utils/v4 v4.13.1 h1:Zt9xQQgcb3xA0rrYgVD5ZO3idMAXATfirrF9BmLtR30=
github.com/gethinode/mod-utils/v4 v4.13.1/go.mod h1:bYmvRdAo4ICy5MpSGafDvO4p5bTDpsDKFCPL3bH0mN4=
github.com/gethinode/mod-utils/v4 v4.14.0 h1:CF5dy+HWg22L306bWVhClWK9b1NVinEqtb4Qr2vcl9A=
github.com/gethinode/mod-utils/v4 v4.14.0/go.mod h1:bYmvRdAo4ICy5MpSGafDvO4p5bTDpsDKFCPL3bH0mN4=
github.com/gethinode/mod-utils/v4 v4.15.1 h1:zsn6pYxMePLqsNaX+V8qND5tAbbp/CiscgZrnFAxc2s=
github.com/gethinode/mod-utils/v4 v4.15.1/go.mod h1:bYmvRdAo4ICy5MpSGafDvO4p5bTDpsDKFCPL3bH0mN4=
github.com/gethinode/mod-utils/v4 v4.16.0 h1:yroLCeQyE/xU46YIKS81ZtFsOONTmVudrv2qW7IBH5Q=
github.com/gethinode/mod-utils/v4 v4.16.0/go.mod h1:bYmvRdAo4ICy5MpSGafDvO4p5bTDpsDKFCPL3bH0mN4=
